
Microsoft Visual Studio Solution File, Format Version 12.00
# Visual Studio Version 16
VisualStudioVersion = 16.0.31205.134
MinimumVisualStudioVersion = 10.0.40219.1
Project("{FAE04EC0-301F-11D3-BF4B-00C04F79EFBC}") = "Enpal.HackerRank.Test", "Enpal.HackerRank.Test\Enpal.HackerRank.Test.csproj", "{26B11493-CED9-4B56-A28D-50BF08FCCE05}"
EndProject
Global
	GlobalSection(SolutionConfigurationPlatforms) = preSolution
		Debug|Any CPU = Debug|Any CPU
		Release|Any CPU = Release|Any CPU
	EndGlobalSection
	GlobalSection(ProjectConfigurationPlatforms) = postSolution
		{26B11493-CED9-4B56-A28D-50BF08FCCE05}.Debug|Any CPU.ActiveCfg = Debug|Any CPU
		{26B11493-CED9-4B56-A28D-50BF08FCCE05}.Debug|Any CPU.Build.0 = Debug|Any CPU
		{26B11493-CED9-4B56-A28D-50BF08FCCE05}.Release|Any CPU.ActiveCfg = Release|Any CPU
		{26B11493-CED9-4B56-A28D-50BF08FCCE05}.Release|Any CPU.Build.0 = Release|Any CPU
	EndGlobalSection
	GlobalSection(SolutionProperties) = preSolution
		HideSolutionNode = FALSE
	EndGlobalSection
	GlobalSection(ExtensibilityGlobals) = postSolution
		SolutionGuid = {BE9DDE27-EE26-4D1D-BA6C-075D039996D1}
	EndGlobalSection
EndGlobal
